{
  "name": "strapi-plugin-database",
  "version": "1.0.0",
  "lockfileVersion": 2,
  "requires": true,
  "packages": {
    "": {
      "name": "strapi-plugin-database",
      "version": "1.0.0",
      "license": "ISC",
      "workspaces": [
        "packages/*"
      ]
    },
    "node_modules/strapi-plugin-database-storage": {
      "resolved": "packages/strapi-plugin-database-storage",
      "link": true
    },
    "node_modules/strapi-provider-upload-database": {
      "resolved": "packages/strapi-provider-upload-database",
      "link": true
    },
    "packages/strapi-plugin-database-storage": {
      "version": "0.0.2",
      "license": "MIT",
      "dependencies": {
        "strapi-provider-upload-database": "0.0.1"
      },
      "engines": {
        "node": ">=10.16.0 <=14.x.x",
        "npm": ">=6.0.0"
      }
    },
    "packages/strapi-provider-upload-database": {
      "version": "0.0.2",
      "engines": {
        "node": ">=10.16.0 <=14.x.x",
        "npm": ">=6.0.0"
      }
    }
  },
  "dependencies": {
    "strapi-plugin-database-storage": {
      "version": "file:packages/strapi-plugin-database-storage",
      "requires": {
        "strapi-provider-upload-database": "0.0.1"
      }
    },
    "strapi-provider-upload-database": {
      "version": "file:packages/strapi-provider-upload-database"
    }
  }
}
